
Microsoft Visual Studio Solution File, Format Version 12.00
# Visual Studio Version 17
VisualStudioVersion = 17.14.36121.58 d17.14
MinimumVisualStudioVersion = 10.0.40219.1
Project("{FAE04EC0-301F-11D3-BF4B-00C04F79EFBC}") = "TripHelperS", "TripHelperS\TripHelperS.csproj", "{702F7FCF-6703-4124-B2B3-954BE871E9CF}"
EndProject
Global
	GlobalSection(SolutionConfigurationPlatforms) = preSolution
		Debug|Any CPU = Debug|Any CPU
		Release|Any CPU = Release|Any CPU
	EndGlobalSection
	GlobalSection(ProjectConfigurationPlatforms) = postSolution
		{702F7FCF-6703-4124-B2B3-954BE871E9CF}.Debug|Any CPU.ActiveCfg = Debug|Any CPU
		{702F7FCF-6703-4124-B2B3-954BE871E9CF}.Debug|Any CPU.Build.0 = Debug|Any CPU
		{702F7FCF-6703-4124-B2B3-954BE871E9CF}.Release|Any CPU.ActiveCfg = Release|Any CPU
		{702F7FCF-6703-4124-B2B3-954BE871E9CF}.Release|Any CPU.Build.0 = Release|Any CPU
	EndGlobalSection
	GlobalSection(SolutionProperties) = preSolution
		HideSolutionNode = FALSE
	EndGlobalSection
	GlobalSection(ExtensibilityGlobals) = postSolution
		SolutionGuid = {0B898758-A626-4936-89FC-744AE918C427}
	EndGlobalSection
EndGlobal
